
Microsoft Visual Studio Solution File, Format Version 12.00
# Visual Studio 15
VisualStudioVersion = 15.0.28307.271
MinimumVisualStudioVersion = 10.0.40219.1
Project("{FAE04EC0-301F-11D3-BF4B-00C04F79EFBC}") = "Task4", "Task4\Task4.csproj", "{15F6077C-55D9-4EEE-B77C-6EFB09E2C9DC}"
EndProject
Global
	GlobalSection(SolutionConfigurationPlatforms) = preSolution
		Debug|Any CPU = Debug|Any CPU
		Release|Any CPU = Release|Any CPU
	EndGlobalSection
	GlobalSection(ProjectConfigurationPlatforms) = postSolution
		{15F6077C-55D9-4EEE-B77C-6EFB09E2C9DC}.Debug|Any CPU.ActiveCfg = Debug|Any CPU
		{15F6077C-55D9-4EEE-B77C-6EFB09E2C9DC}.Debug|Any CPU.Build.0 = Debug|Any CPU
		{15F6077C-55D9-4EEE-B77C-6EFB09E2C9DC}.Release|Any CPU.ActiveCfg = Release|Any CPU
		{15F6077C-55D9-4EEE-B77C-6EFB09E2C9DC}.Release|Any CPU.Build.0 = Release|Any CPU
	EndGlobalSection
	GlobalSection(SolutionProperties) = preSolution
		HideSolutionNode = FALSE
	EndGlobalSection
	GlobalSection(ExtensibilityGlobals) = postSolution
		SolutionGuid = {D43162C0-37DB-47C9-A190-9F24FF8D184D}
	EndGlobalSection
EndGlobal
