
Microsoft Visual Studio Solution File, Format Version 12.00
# Visual Studio 15
VisualStudioVersion = 15.0.28307.271
MinimumVisualStudioVersion = 10.0.40219.1
Project("{FAE04EC0-301F-11D3-BF4B-00C04F79EFBC}") = "Task0", "Task0\Task0.csproj", "{40C72FC8-433B-4AC5-9F49-C01178040909}"
EndProject
Global
	GlobalSection(SolutionConfigurationPlatforms) = preSolution
		Debug|Any CPU = Debug|Any CPU
		Release|Any CPU = Release|Any CPU
	EndGlobalSection
	GlobalSection(ProjectConfigurationPlatforms) = postSolution
		{40C72FC8-433B-4AC5-9F49-C01178040909}.Debug|Any CPU.ActiveCfg = Debug|Any CPU
		{40C72FC8-433B-4AC5-9F49-C01178040909}.Debug|Any CPU.Build.0 = Debug|Any CPU
		{40C72FC8-433B-4AC5-9F49-C01178040909}.Release|Any CPU.ActiveCfg = Release|Any CPU
		{40C72FC8-433B-4AC5-9F49-C01178040909}.Release|Any CPU.Build.0 = Release|Any CPU
	EndGlobalSection
	GlobalSection(SolutionProperties) = preSolution
		HideSolutionNode = FALSE
	EndGlobalSection
	GlobalSection(ExtensibilityGlobals) = postSolution
		SolutionGuid = {BEB6B03D-BC4D-45A0-B5AE-D3B8221E7E9C}
	EndGlobalSection
EndGlobal
